
Microsoft Visual Studio Solution File, Format Version 12.00
# Visual Studio Version 16
VisualStudioVersion = 16.0.32407.337
MinimumVisualStudioVersion = 10.0.40219.1
Project("{8BC9CEB8-8B4A-11D0-8D11-00A0C91BC942}") = "TemplateMatching", "TemplateMatching\TemplateMatching.vcxproj", "{63F2018E-317D-4A22-9C73-CDA27E94380C}"
EndProject
Global
	GlobalSection(SolutionConfigurationPlatforms) = preSolution
		Debug|x64 = Debug|x64
		Debug|x86 = Debug|x86
		Release|x64 = Release|x64
		Release|x86 = Release|x86
	EndGlobalSection
	GlobalSection(ProjectConfigurationPlatforms) = postSolution
		{63F2018E-317D-4A22-9C73-CDA27E94380C}.Debug|x64.ActiveCfg = Debug|x64
		{63F2018E-317D-4A22-9C73-CDA27E94380C}.Debug|x64.Build.0 = Debug|x64
		{63F2018E-317D-4A22-9C73-CDA27E94380C}.Debug|x86.ActiveCfg = Debug|Win32
		{63F2018E-317D-4A22-9C73-CDA27E94380C}.Debug|x86.Build.0 = Debug|Win32
		{63F2018E-317D-4A22-9C73-CDA27E94380C}.Release|x64.ActiveCfg = Release|x64
		{63F2018E-317D-4A22-9C73-CDA27E94380C}.Release|x64.Build.0 = Release|x64
		{63F2018E-317D-4A22-9C73-CDA27E94380C}.Release|x86.ActiveCfg = Release|Win32
		{63F2018E-317D-4A22-9C73-CDA27E94380C}.Release|x86.Build.0 = Release|Win32
	EndGlobalSection
	GlobalSection(SolutionProperties) = preSolution
		HideSolutionNode = FALSE
	EndGlobalSection
	GlobalSection(ExtensibilityGlobals) = postSolution
		SolutionGuid = {87389585-01B2-4EF7-818E-00704A755526}
	EndGlobalSection
EndGlobal
